
Microsoft Visual Studio Solution File, Format Version 12.00
# Visual Studio Version 17
VisualStudioVersion = 17.3.32929.385
MinimumVisualStudioVersion = 10.0.40219.1
Project("{FAE04EC0-301F-11D3-BF4B-00C04F79EFBC}") = "urna-eleitoral", "urna-eleitoral\urna-eleitoral.csproj", "{702F2ACE-1C86-4850-BE75-0725F3EE32C7}"
EndProject
Project("{FAE04EC0-301F-11D3-BF4B-00C04F79EFBC}") = "Models", "Models\Models.csproj", "{F2BDD1A0-9301-4952-8809-10E0479E3C02}"
EndProject
Project("{FAE04EC0-301F-11D3-BF4B-00C04F79EFBC}") = "BLL", "BLL\BLL.csproj", "{83567AE7-14E5-420D-84FE-87BCA2643D2C}"
EndProject
Project("{FAE04EC0-301F-11D3-BF4B-00C04F79EFBC}") = "DAL", "DAL\DAL.csproj", "{FA88C6BD-5AAD-44BE-B883-C940B665619F}"
EndProject
Global
	GlobalSection(SolutionConfigurationPlatforms) = preSolution
		Debug|Any CPU = Debug|Any CPU
		Release|Any CPU = Release|Any CPU
	EndGlobalSection
	GlobalSection(ProjectConfigurationPlatforms) = postSolution
		{702F2ACE-1C86-4850-BE75-0725F3EE32C7}.Debug|Any CPU.ActiveCfg = Debug|Any CPU
		{702F2ACE-1C86-4850-BE75-0725F3EE32C7}.Debug|Any CPU.Build.0 = Debug|Any CPU
		{702F2ACE-1C86-4850-BE75-0725F3EE32C7}.Release|Any CPU.ActiveCfg = Release|Any CPU
		{702F2ACE-1C86-4850-BE75-0725F3EE32C7}.Release|Any CPU.Build.0 = Release|Any CPU
		{F2BDD1A0-9301-4952-8809-10E0479E3C02}.Debug|Any CPU.ActiveCfg = Debug|Any CPU
		{F2BDD1A0-9301-4952-8809-10E0479E3C02}.Debug|Any CPU.Build.0 = Debug|Any CPU
		{F2BDD1A0-9301-4952-8809-10E0479E3C02}.Release|Any CPU.ActiveCfg = Release|Any CPU
		{F2BDD1A0-9301-4952-8809-10E0479E3C02}.Release|Any CPU.Build.0 = Release|Any CPU
		{83567AE7-14E5-420D-84FE-87BCA2643D2C}.Debug|Any CPU.ActiveCfg = Debug|Any CPU
		{83567AE7-14E5-420D-84FE-87BCA2643D2C}.Debug|Any CPU.Build.0 = Debug|Any CPU
		{83567AE7-14E5-420D-84FE-87BCA2643D2C}.Release|Any CPU.ActiveCfg = Release|Any CPU
		{83567AE7-14E5-420D-84FE-87BCA2643D2C}.Release|Any CPU.Build.0 = Release|Any CPU
		{FA88C6BD-5AAD-44BE-B883-C940B665619F}.Debug|Any CPU.ActiveCfg = Debug|Any CPU
		{FA88C6BD-5AAD-44BE-B883-C940B665619F}.Debug|Any CPU.Build.0 = Debug|Any CPU
		{FA88C6BD-5AAD-44BE-B883-C940B665619F}.Release|Any CPU.ActiveCfg = Release|Any CPU
		{FA88C6BD-5AAD-44BE-B883-C940B665619F}.Release|Any CPU.Build.0 = Release|Any CPU
	EndGlobalSection
	GlobalSection(SolutionProperties) = preSolution
		HideSolutionNode = FALSE
	EndGlobalSection
	GlobalSection(ExtensibilityGlobals) = postSolution
		SolutionGuid = {FCC1BB50-7BD7-4533-816E-81B6BD62852F}
	EndGlobalSection
EndGlobal
